
Microsoft Visual Studio Solution File, Format Version 12.00
# Visual Studio Version 16
VisualStudioVersion = 16.0.31129.286
MinimumVisualStudioVersion = 10.0.40219.1
Project("{FAE04EC0-301F-11D3-BF4B-00C04F79EFBC}") = "МДК 02. Критический", "МДК 02. Критический\МДК 02. Критический.csproj", "{CB1E8BED-D3EA-4ECD-9CB5-44A286E328D9}"
EndProject
Project("{FAE04EC0-301F-11D3-BF4B-00C04F79EFBC}") = "UnitTestProject1", "UnitTestProject1\UnitTestProject1.csproj", "{31A5B9CC-046F-4994-84A4-4AB18B1773D7}"
EndProject
Global
	GlobalSection(SolutionConfigurationPlatforms) = preSolution
		Debug|Any CPU = Debug|Any CPU
		Release|Any CPU = Release|Any CPU
	EndGlobalSection
	GlobalSection(ProjectConfigurationPlatforms) = postSolution
		{CB1E8BED-D3EA-4ECD-9CB5-44A286E328D9}.Debug|Any CPU.ActiveCfg = Debug|Any CPU
		{CB1E8BED-D3EA-4ECD-9CB5-44A286E328D9}.Debug|Any CPU.Build.0 = Debug|Any CPU
		{CB1E8BED-D3EA-4ECD-9CB5-44A286E328D9}.Release|Any CPU.ActiveCfg = Release|Any CPU
		{CB1E8BED-D3EA-4ECD-9CB5-44A286E328D9}.Release|Any CPU.Build.0 = Release|Any CPU
		{31A5B9CC-046F-4994-84A4-4AB18B1773D7}.Debug|Any CPU.ActiveCfg = Debug|Any CPU
		{31A5B9CC-046F-4994-84A4-4AB18B1773D7}.Debug|Any CPU.Build.0 = Debug|Any CPU
		{31A5B9CC-046F-4994-84A4-4AB18B1773D7}.Release|Any CPU.ActiveCfg = Release|Any CPU
		{31A5B9CC-046F-4994-84A4-4AB18B1773D7}.Release|Any CPU.Build.0 = Release|Any CPU
	EndGlobalSection
	GlobalSection(SolutionProperties) = preSolution
		HideSolutionNode = FALSE
	EndGlobalSection
	GlobalSection(ExtensibilityGlobals) = postSolution
		SolutionGuid = {5F0077E4-9FD8-4E78-9E5B-0784D5230FF2}
	EndGlobalSection
EndGlobal
